
Microsoft Visual Studio Solution File, Format Version 12.00
# Visual Studio Version 16
VisualStudioVersion = 16.0.29411.108
MinimumVisualStudioVersion = 10.0.40219.1
Project("{FAE04EC0-301F-11D3-BF4B-00C04F79EFBC}") = "EngEdu-3", "EngEdu-3\EngEdu-3.csproj", "{42E9A93A-53A6-4B54-A845-5D8219025F69}"
EndProject
Global
	GlobalSection(SolutionConfigurationPlatforms) = preSolution
		Debug|Any CPU = Debug|Any CPU
		Release|Any CPU = Release|Any CPU
	EndGlobalSection
	GlobalSection(ProjectConfigurationPlatforms) = postSolution
		{42E9A93A-53A6-4B54-A845-5D8219025F69}.Debug|Any CPU.ActiveCfg = Debug|Any CPU
		{42E9A93A-53A6-4B54-A845-5D8219025F69}.Debug|Any CPU.Build.0 = Debug|Any CPU
		{42E9A93A-53A6-4B54-A845-5D8219025F69}.Release|Any CPU.ActiveCfg = Release|Any CPU
		{42E9A93A-53A6-4B54-A845-5D8219025F69}.Release|Any CPU.Build.0 = Release|Any CPU
	EndGlobalSection
	GlobalSection(SolutionProperties) = preSolution
		HideSolutionNode = FALSE
	EndGlobalSection
	GlobalSection(ExtensibilityGlobals) = postSolution
		SolutionGuid = {13A32874-D9F9-4BAE-82DC-282AF17B4AF9}
	EndGlobalSection
EndGlobal
